
Microsoft Visual Studio Solution File, Format Version 12.00
# Visual Studio Version 16
VisualStudioVersion = 16.0.30204.135
MinimumVisualStudioVersion = 10.0.40219.1
Project("{9A19103F-16F7-4668-BE54-9A1E7A4F7556}") = "Amazon-Suporte", "Amazon-Suporte.csproj", "{F9036EB0-614E-4188-86B2-D173DAA77053}"
EndProject
Global
	GlobalSection(SolutionConfigurationPlatforms) = preSolution
		Debug|Any CPU = Debug|Any CPU
		Release|Any CPU = Release|Any CPU
	EndGlobalSection
	GlobalSection(ProjectConfigurationPlatforms) = postSolution
		{F9036EB0-614E-4188-86B2-D173DAA77053}.Debug|Any CPU.ActiveCfg = Debug|Any CPU
		{F9036EB0-614E-4188-86B2-D173DAA77053}.Debug|Any CPU.Build.0 = Debug|Any CPU
		{F9036EB0-614E-4188-86B2-D173DAA77053}.Release|Any CPU.ActiveCfg = Release|Any CPU
		{F9036EB0-614E-4188-86B2-D173DAA77053}.Release|Any CPU.Build.0 = Release|Any CPU
	EndGlobalSection
	GlobalSection(SolutionProperties) = preSolution
		HideSolutionNode = FALSE
	EndGlobalSection
	GlobalSection(ExtensibilityGlobals) = postSolution
		SolutionGuid = {23E09B64-C90F-4787-851E-DE4FC3DFFFE7}
	EndGlobalSection
EndGlobal
